{
  "name": "linkis-web-apache",
  "version": "0.0.0",
  "lockfileVersion": 1,
  "requires": true,
  "dependencies": {
    "@babel/parser": {
      "version": "7.15.7",
      "resolved": "http://10.107.103.115:8001/@babel/parser/download/@babel/parser-7.15.7.tgz",
      "integrity": "sha1-DD7UousHsWXfqFs8xFxyczTE7a4="
    },
    "@intlify/core-base": {
      "version": "9.2.0-beta.11",
      "resolved": "http://10.107.103.115:8001/@intlify/core-base/download/@intlify/core-base-9.2.0-beta.11.tgz",
      "integrity": "sha1-G1eahTLsL33C3c95myXDr+bsq8Q=",
      "requires": {
        "@intlify/devtools-if": "9.2.0-beta.11",
        "@intlify/message-compiler": "9.2.0-beta.11",
        "@intlify/shared": "9.2.0-beta.11",
        "@intlify/vue-devtools": "9.2.0-beta.11"
      }
    },
    "@intlify/devtools-if": {
      "version": "9.2.0-beta.11",
      "resolved": "http://10.107.103.115:8001/@intlify/devtools-if/download/@intlify/devtools-if-9.2.0-beta.11.tgz",
      "integrity": "sha1-uclQ7jpkbcobno+4f3qQsth0pPs=",
      "requires": {
        "@intlify/shared": "9.2.0-beta.11"
      }
    },
    "@intlify/message-compiler": {
      "version": "9.2.0-beta.11",
      "resolved": "http://10.107.103.115:8001/@intlify/message-compiler/download/@intlify/message-compiler-9.2.0-beta.11.tgz",
      "integrity": "sha1-KkH9WL+UcZFAVTdAbqENN6assE0=",
      "requires": {
        "@intlify/shared": "9.2.0-beta.11",
        "source-map": "0.6.1"
      }
    },
    "@intlify/shared": {
      "version": "9.2.0-beta.11",
      "resolved": "http://10.107.103.115:8001/@intlify/shared/download/@intlify/shared-9.2.0-beta.11.tgz",
      "integrity": "sha1-m+tA3gyIT9fWIxFEWgZmOZOW3pc="
    },
    "@intlify/vue-devtools": {
      "version": "9.2.0-beta.11",
      "resolved": "http://10.107.103.115:8001/@intlify/vue-devtools/download/@intlify/vue-devtools-9.2.0-beta.11.tgz",
      "integrity": "sha1-MCJYDdeYQCU4D8cgyLyaVPUJchI=",
      "requires": {
        "@intlify/core-base": "9.2.0-beta.11",
        "@intlify/shared": "9.2.0-beta.11"
      }
    },
    "@vitejs/plugin-vue": {
      "version": "1.9.2",
      "resolved": "http://10.107.103.115:8001/@vitejs/plugin-vue/download/@vitejs/plugin-vue-1.9.2.tgz",
      "integrity": "sha1-cjTvuMPD1gx+rDUKk1B0qxggrg4=",
      "dev": true
    },
    "@vue/compiler-core": {
      "version": "3.2.19",
      "resolved": "http://10.107.103.115:8001/@vue/compiler-core/download/@vue/compiler-core-3.2.19.tgz",
      "integrity": "sha1-tTfdN3zlH9tk6bMOv7/3zXCmTLk=",
      "requires": {
        "@babel/parser": "^7.15.0",
        "@vue/shared": "3.2.19",
        "estree-walker": "^2.0.2",
        "source-map": "^0.6.1"
      }
    },
    "@vue/compiler-dom": {
      "version": "3.2.19",
      "resolved": "http://10.107.103.115:8001/@vue/compiler-dom/download/@vue/compiler-dom-3.2.19.tgz",
      "integrity": "sha1-Bge8kN5q9V/ec7CbPE0L+MtZftg=",
      "requires": {
        "@vue/compiler-core": "3.2.19",
        "@vue/shared": "3.2.19"
      }
    },
    "@vue/compiler-sfc": {
      "version": "3.2.19",
      "resolved": "http://10.107.103.115:8001/@vue/compiler-sfc/download/@vue/compiler-sfc-3.2.19.tgz",
      "integrity": "sha1-1BIZWpjr1JuEYC8XFxkpSh2VSb4=",
      "requires": {
        "@babel/parser": "^7.15.0",
        "@vue/compiler-core": "3.2.19",
        "@vue/compiler-dom": "3.2.19",
        "@vue/compiler-ssr": "3.2.19",
        "@vue/ref-transform": "3.2.19",
        "@vue/shared": "3.2.19",
        "estree-walker": "^2.0.2",
        "magic-string": "^0.25.7",
        "postcss": "^8.1.10",
        "source-map": "^0.6.1"
      }
    },
    "@vue/compiler-ssr": {
      "version": "3.2.19",
      "resolved": "http://10.107.103.115:8001/@vue/compiler-ssr/download/@vue/compiler-ssr-3.2.19.tgz",
      "integrity": "sha1-PpHs9w+PlhxfY+rNITm82rmnoHw=",
      "requires": {
        "@vue/compiler-dom": "3.2.19",
        "@vue/shared": "3.2.19"
      }
    },
    "@vue/devtools-api": {
      "version": "6.0.0-beta.18",
      "resolved": "http://10.107.103.115:8001/@vue/devtools-api/download/@vue/devtools-api-6.0.0-beta.18.tgz",
      "integrity": "sha1-hMCv+SiaVylMuXSQgR9p6KCmf4o="
    },
    "@vue/reactivity": {
      "version": "3.2.19",
      "resolved": "http://10.107.103.115:8001/@vue/reactivity/download/@vue/reactivity-3.2.19.tgz",
      "integrity": "sha1-/G4PAQbylSJoNc/tX/X4TZJ76mU=",
      "requires": {
        "@vue/shared": "3.2.19"
      }
    },
    "@vue/ref-transform": {
      "version": "3.2.19",
      "resolved": "http://10.107.103.115:8001/@vue/ref-transform/download/@vue/ref-transform-3.2.19.tgz",
      "integrity": "sha1-zw+YZIa7JoOPvQl0npJ7qxl0VgA=",
      "requires": {
        "@babel/parser": "^7.15.0",
        "@vue/compiler-core": "3.2.19",
        "@vue/shared": "3.2.19",
        "estree-walker": "^2.0.2",
        "magic-string": "^0.25.7"
      }
    },
    "@vue/runtime-core": {
      "version": "3.2.19",
      "resolved": "http://10.107.103.115:8001/@vue/runtime-core/download/@vue/runtime-core-3.2.19.tgz",
      "integrity": "sha1-gHcVt/RyiruE+kqO/b432N20xtM=",
      "requires": {
        "@vue/reactivity": "3.2.19",
        "@vue/shared": "3.2.19"
      }
    },
    "@vue/runtime-dom": {
      "version": "3.2.19",
      "resolved": "http://10.107.103.115:8001/@vue/runtime-dom/download/@vue/runtime-dom-3.2.19.tgz",
      "integrity": "sha1-fov2RXVHA+Ng+hMuS+kRPt8jd7s=",
      "requires": {
        "@vue/runtime-core": "3.2.19",
        "@vue/shared": "3.2.19",
        "csstype": "^2.6.8"
      }
    },
    "@vue/server-renderer": {
      "version": "3.2.19",
      "resolved": "http://10.107.103.115:8001/@vue/server-renderer/download/@vue/server-renderer-3.2.19.tgz",
      "integrity": "sha1-hwvOyffNruDCGHoWm25jarQ2L7E=",
      "requires": {
        "@vue/compiler-ssr": "3.2.19",
        "@vue/shared": "3.2.19"
      }
    },
    "@vue/shared": {
      "version": "3.2.19",
      "resolved": "http://10.107.103.115:8001/@vue/shared/download/@vue/shared-3.2.19.tgz",
      "integrity": "sha1-ER7D2hgzfYYnREaYTEmSWxsrLdc="
    },
    "copy-anything": {
      "version": "2.0.3",
      "resolved": "http://10.107.103.115:8001/copy-anything/download/copy-anything-2.0.3.tgz",
      "integrity": "sha1-hCQHugJGaw34RIGbvjuuu+XUXYc=",
      "dev": true,
      "requires": {
        "is-what": "^3.12.0"
      }
    },
    "csstype": {
      "version": "2.6.18",
      "resolved": "http://10.107.103.115:8001/csstype/download/csstype-2.6.18.tgz",
      "integrity": "sha1-mAqLUwhfNK8xNBCvBk8r0kF4Qhg="
    },
    "debug": {
      "version": "3.2.7",
      "resolved": "http://10.107.103.115:8001/debug/download/debug-3.2.7.tgz",
      "integrity": "sha1-clgLfpFF+zm2Z2+cXl+xALk0F5o=",
      "dev": true,
      "optional": true,
      "requires": {
        "ms": "^2.1.1"
      }
    },
    "errno": {
      "version": "0.1.8",
      "resolved": "http://10.107.103.115:8001/errno/download/errno-0.1.8.tgz",
      "integrity": "sha1-i7Ppx9Rjvkl2/4iPdrSAnrwugR8=",
      "dev": true,
      "optional": true,
      "requires": {
        "prr": "~1.0.1"
      }
    },
    "esbuild": {
      "version": "0.12.29",
      "resolved": "http://10.107.103.115:8001/esbuild/download/esbuild-0.12.29.tgz",
      "integrity": "sha1-vmAtt8TceJRKnb3g0eoZ02wfiC0=",
      "dev": true
    },
    "estree-walker": {
      "version": "2.0.2",
      "resolved": "http://10.107.103.115:8001/estree-walker/download/estree-walker-2.0.2.tgz",
      "integrity": "sha1-UvAQF4wqTBF6d1fP6UKtt9LaTKw="
    },
    "fsevents": {
      "version": "2.3.2",
      "resolved": "http://10.107.103.115:8001/fsevents/download/fsevents-2.3.2.tgz",
      "integrity": "sha1-ilJveLj99GI7cJ4Ll1xSwkwC/Ro=",
      "dev": true,
      "optional": true
    },
    "function-bind": {
      "version": "1.1.1",
      "resolved": "http://10.107.103.115:8001/function-bind/download/function-bind-1.1.1.tgz",
      "integrity": "sha1-pWiZ0+o8m6uHS7l3O3xe3pL0iV0=",
      "dev": true
    },
    "graceful-fs": {
      "version": "4.2.8",
      "resolved": "http://10.107.103.115:8001/graceful-fs/download/graceful-fs-4.2.8.tgz",
      "integrity": "sha1-5BK40z9eAGWTy9PO5t+fLOu+gCo=",
      "dev": true,
      "optional": true
    },
    "has": {
      "version": "1.0.3",
      "resolved": "http://10.107.103.115:8001/has/download/has-1.0.3.tgz",
      "integrity": "sha1-ci18v8H2qoJB8W3YFOAR4fQeh5Y=",
      "dev": true,
      "requires": {
        "function-bind": "^1.1.1"
      }
    },
    "iconv-lite": {
      "version": "0.4.24",
      "resolved": "http://10.107.103.115:8001/iconv-lite/download/iconv-lite-0.4.24.tgz",
      "integrity": "sha1-ICK0sl+93CHS9SSXSkdKr+czkIs=",
      "dev": true,
      "optional": true,
      "requires": {
        "safer-buffer": ">= 2.1.2 < 3"
      }
    },
    "image-size": {
      "version": "0.5.5",
      "resolved": "http://10.107.103.115:8001/image-size/download/image-size-0.5.5.tgz",
      "integrity": "sha1-Cd/Uq50g4p6xw+gLiZA3jfnjy5w=",
      "dev": true,
      "optional": true
    },
    "is-core-module": {
      "version": "2.6.0",
      "resolved": "http://10.107.103.115:8001/is-core-module/download/is-core-module-2.6.0.tgz",
      "integrity": "sha1-11U7JSb+Wbkro+QMjfdX7Ipwnhk=",
      "dev": true,
      "requires": {
        "has": "^1.0.3"
      }
    },
    "is-what": {
      "version": "3.14.1",
      "resolved": "http://10.107.103.115:8001/is-what/download/is-what-3.14.1.tgz",
      "integrity": "sha1-4SIvRt3ahd6tD9HJ3xMXYOd3VcE=",
      "dev": true
    },
    "less": {
      "version": "4.1.1",
      "resolved": "http://10.107.103.115:8001/less/download/less-4.1.1.tgz",
      "integrity": "sha1-Fb8lOpk5eR3GkIiMP/Qk8+bH7bo=",
      "dev": true,
      "requires": {
        "copy-anything": "^2.0.1",
        "errno": "^0.1.1",
        "graceful-fs": "^4.1.2",
        "image-size": "~0.5.0",
        "make-dir": "^2.1.0",
        "mime": "^1.4.1",
        "needle": "^2.5.2",
        "parse-node-version": "^1.0.1",
        "source-map": "~0.6.0",
        "tslib": "^1.10.0"
      }
    },
    "magic-string": {
      "version": "0.25.7",
      "resolved": "http://10.107.103.115:8001/magic-string/download/magic-string-0.25.7.tgz",
      "integrity": "sha1-P0l9b9NMZpxnmNy4IfLvMfVEUFE=",
      "requires": {
        "sourcemap-codec": "^1.4.4"
      }
    },
    "make-dir": {
      "version": "2.1.0",
      "resolved": "http://10.107.103.115:8001/make-dir/download/make-dir-2.1.0.tgz",
      "integrity": "sha1-XwMQ4YuL6JjMBwCSlaMK5B6R5vU=",
      "dev": true,
      "optional": true,
      "requires": {
        "pify": "^4.0.1",
        "semver": "^5.6.0"
      }
    },
    "mime": {
      "version": "1.6.0",
      "resolved": "http://10.107.103.115:8001/mime/download/mime-1.6.0.tgz",
      "integrity": "sha1-Ms2eXGRVO9WNGaVor0Uqz/BJgbE=",
      "dev": true,
      "optional": true
    },
    "ms": {
      "version": "2.1.3",
      "resolved": "http://10.107.103.115:8001/ms/download/ms-2.1.3.tgz",
      "integrity": "sha1-V0yBOM4dK1hh8LRFedut1gxmFbI=",
      "dev": true,
      "optional": true
    },
    "nanocolors": {
      "version": "0.2.9",
      "resolved": "http://10.107.103.115:8001/nanocolors/download/nanocolors-0.2.9.tgz",
      "integrity": "sha1-MZxeenNXGr1g5NJzFQwsuVAXrFs="
    },
    "nanoid": {
      "version": "3.1.28",
      "resolved": "http://10.107.103.115:8001/nanoid/download/nanoid-3.1.28.tgz",
      "integrity": "sha1-PAG6wUy2xWgFaQFMxlovJkJMa9Q="
    },
    "needle": {
      "version": "2.9.1",
      "resolved": "http://10.107.103.115:8001/needle/download/needle-2.9.1.tgz",
      "integrity": "sha1-ItHf++NJDCuD4wH3cJtnNs2PJoQ=",
      "dev": true,
      "optional": true,
      "requires": {
        "debug": "^3.2.6",
        "iconv-lite": "^0.4.4",
        "sax": "^1.2.4"
      }
    },
    "parse-node-version": {
      "version": "1.0.1",
      "resolved": "http://10.107.103.115:8001/parse-node-version/download/parse-node-version-1.0.1.tgz",
      "integrity": "sha1-4rXb7eAOf6m8NjYH9TMn6LBzGJs=",
      "dev": true
    },
    "path-parse": {
      "version": "1.0.7",
      "resolved": "http://10.107.103.115:8001/path-parse/download/path-parse-1.0.7.tgz",
      "integrity": "sha1-+8EUtgykKzDZ2vWFjkvWi77bZzU=",
      "dev": true
    },
    "pify": {
      "version": "4.0.1",
      "resolved": "http://10.107.103.115:8001/pify/download/pify-4.0.1.tgz",
      "integrity": "sha1-SyzSXFDVmHNcUCkiJP2MbfQeMjE=",
      "dev": true,
      "optional": true
    },
    "postcss": {
      "version": "8.3.8",
      "resolved": "http://10.107.103.115:8001/postcss/download/postcss-8.3.8.tgz",
      "integrity": "sha1-nr4qEnOWtLRXCun3dw5/uD2yusE=",
      "requires": {
        "nanocolors": "^0.2.2",
        "nanoid": "^3.1.25",
        "source-map-js": "^0.6.2"
      }
    },
    "prr": {
      "version": "1.0.1",
      "resolved": "http://10.107.103.115:8001/prr/download/prr-1.0.1.tgz",
      "integrity": "sha1-0/wRS6BplaRexok/SEzrHXj19HY=",
      "dev": true,
      "optional": true
    },
    "resolve": {
      "version": "1.20.0",
      "resolved": "http://10.107.103.115:8001/resolve/download/resolve-1.20.0.tgz",
      "integrity": "sha1-YpoBP7P3B1XW8LeTXMHCxTeLGXU=",
      "dev": true,
      "requires": {
        "is-core-module": "^2.2.0",
        "path-parse": "^1.0.6"
      }
    },
    "rollup": {
      "version": "2.57.0",
      "resolved": "http://10.107.103.115:8001/rollup/download/rollup-2.57.0.tgz",
      "integrity": "sha1-wWlEdesi4QIkd8D0Y1/QrIBxMXM=",
      "dev": true,
      "requires": {
        "fsevents": "~2.3.2"
      }
    },
    "safer-buffer": {
      "version": "2.1.2",
      "resolved": "http://10.107.103.115:8001/safer-buffer/download/safer-buffer-2.1.2.tgz",
      "integrity": "sha1-RPoWGwGHuVSd2Eu5GAL5vYOFzWo=",
      "dev": true,
      "optional": true
    },
    "sax": {
      "version": "1.2.4",
      "resolved": "http://10.107.103.115:8001/sax/download/sax-1.2.4.tgz",
      "integrity": "sha1-KBYjTiN4vdxOU1T6tcqold9xANk=",
      "dev": true,
      "optional": true
    },
    "semver": {
      "version": "5.7.1",
      "resolved": "http://10.107.103.115:8001/semver/download/semver-5.7.1.tgz",
      "integrity": "sha1-qVT5Ma66UI0we78Gnv8MAclhFvc=",
      "dev": true,
      "optional": true
    },
    "source-map": {
      "version": "0.6.1",
      "resolved": "http://10.107.103.115:8001/source-map/download/source-map-0.6.1.tgz",
      "integrity": "sha1-dHIq8y6WFOnCh6jQu95IteLxomM="
    },
    "source-map-js": {
      "version": "0.6.2",
      "resolved": "http://10.107.103.115:8001/source-map-js/download/source-map-js-0.6.2.tgz",
      "integrity": "sha1-C7XeYxtBz72mz7qL0FqA79/SOF4="
    },
    "sourcemap-codec": {
      "version": "1.4.8",
      "resolved": "http://10.107.103.115:8001/sourcemap-codec/download/sourcemap-codec-1.4.8.tgz",
      "integrity": "sha1-6oBL2UhXQC5pktBaOO8a41qatMQ="
    },
    "tslib": {
      "version": "1.14.1",
      "resolved": "http://10.107.103.115:8001/tslib/download/tslib-1.14.1.tgz",
      "integrity": "sha1-zy04vcNKE0vK8QkcQfZhni9nLQA=",
      "dev": true
    },
    "vite": {
      "version": "2.5.10",
      "resolved": "http://10.107.103.115:8001/vite/download/vite-2.5.10.tgz",
      "integrity": "sha1-xZjjtafhlW/8Uus7NCDRd/wu0qU=",
      "dev": true,
      "requires": {
        "esbuild": "^0.12.17",
        "fsevents": "~2.3.2",
        "postcss": "^8.3.6",
        "resolve": "^1.20.0",
        "rollup": "^2.38.5"
      }
    },
    "vue": {
      "version": "3.2.19",
      "resolved": "http://10.107.103.115:8001/vue/download/vue-3.2.19.tgz",
      "integrity": "sha1-2iyApqAnHHCX/unjFpKt/Z1WnI8=",
      "requires": {
        "@vue/compiler-dom": "3.2.19",
        "@vue/compiler-sfc": "3.2.19",
        "@vue/runtime-dom": "3.2.19",
        "@vue/server-renderer": "3.2.19",
        "@vue/shared": "3.2.19"
      }
    },
    "vue-i18n": {
      "version": "9.2.0-beta.11",
      "resolved": "http://10.107.103.115:8001/vue-i18n/download/vue-i18n-9.2.0-beta.11.tgz",
      "integrity": "sha1-GZL+2Kagp0GxXOfHM+QVgSbuezo=",
      "requires": {
        "@intlify/core-base": "9.2.0-beta.11",
        "@intlify/shared": "9.2.0-beta.11",
        "@intlify/vue-devtools": "9.2.0-beta.11",
        "@vue/devtools-api": "^6.0.0-beta.13"
      }
    },
    "vue-router": {
      "version": "4.0.11",
      "resolved": "http://10.107.103.115:8001/vue-router/download/vue-router-4.0.11.tgz",
      "integrity": "sha1-zWSaCUHGNSgXY6IJZbWZZD3caO0=",
      "requires": {
        "@vue/devtools-api": "^6.0.0-beta.14"
      }
    }
  }
}
